
Microsoft Visual Studio Solution File, Format Version 12.00
# Visual Studio Version 16
VisualStudioVersion = 16.0.29613.14
MinimumVisualStudioVersion = 10.0.40219.1
Project("{FAE04EC0-301F-11D3-BF4B-00C04F79EFBC}") = "nanomsgserver", "nanomsgcsharp\nanomsgserver.csproj", "{B7ECB88A-64C9-4695-9B04-A313C68581AB}"
EndProject
Project("{FAE04EC0-301F-11D3-BF4B-00C04F79EFBC}") = "nanomsgclient", "nanomsgclient\nanomsgclient.csproj", "{C7499C9C-A968-4E22-B417-2D68A7B38384}"
EndProject
Global
	GlobalSection(SolutionConfigurationPlatforms) = preSolution
		Debug|Any CPU = Debug|Any CPU
		Release|Any CPU = Release|Any CPU
	EndGlobalSection
	GlobalSection(ProjectConfigurationPlatforms) = postSolution
		{B7ECB88A-64C9-4695-9B04-A313C68581AB}.Debug|Any CPU.ActiveCfg = Debug|Any CPU
		{B7ECB88A-64C9-4695-9B04-A313C68581AB}.Debug|Any CPU.Build.0 = Debug|Any CPU
		{B7ECB88A-64C9-4695-9B04-A313C68581AB}.Release|Any CPU.ActiveCfg = Release|Any CPU
		{B7ECB88A-64C9-4695-9B04-A313C68581AB}.Release|Any CPU.Build.0 = Release|Any CPU
		{C7499C9C-A968-4E22-B417-2D68A7B38384}.Debug|Any CPU.ActiveCfg = Debug|Any CPU
		{C7499C9C-A968-4E22-B417-2D68A7B38384}.Debug|Any CPU.Build.0 = Debug|Any CPU
		{C7499C9C-A968-4E22-B417-2D68A7B38384}.Release|Any CPU.ActiveCfg = Release|Any CPU
		{C7499C9C-A968-4E22-B417-2D68A7B38384}.Release|Any CPU.Build.0 = Release|Any CPU
	EndGlobalSection
	GlobalSection(SolutionProperties) = preSolution
		HideSolutionNode = FALSE
	EndGlobalSection
	GlobalSection(ExtensibilityGlobals) = postSolution
		SolutionGuid = {D17523A6-0FF6-49EF-949C-DC43E28C076B}
	EndGlobalSection
EndGlobal
